
Microsoft Visual Studio Solution File, Format Version 12.00
# Visual Studio Version 16
VisualStudioVersion = 16.0.35731.53
MinimumVisualStudioVersion = 10.0.40219.1
Project("{8BC9CEB8-8B4A-11D0-8D11-00A0C91BC942}") = "HW1_ShootingGame", "HW1_ShootingGame\HW1_ShootingGame.vcxproj", "{D1862887-006B-4A01-9538-B6D22E28513B}"
EndProject
Global
	GlobalSection(SolutionConfigurationPlatforms) = preSolution
		Debug|x64 = Debug|x64
		Debug|x86 = Debug|x86
		Release|x64 = Release|x64
		Release|x86 = Release|x86
	EndGlobalSection
	GlobalSection(ProjectConfigurationPlatforms) = postSolution
		{D1862887-006B-4A01-9538-B6D22E28513B}.Debug|x64.ActiveCfg = Debug|x64
		{D1862887-006B-4A01-9538-B6D22E28513B}.Debug|x64.Build.0 = Debug|x64
		{D1862887-006B-4A01-9538-B6D22E28513B}.Debug|x86.ActiveCfg = Debug|Win32
		{D1862887-006B-4A01-9538-B6D22E28513B}.Debug|x86.Build.0 = Debug|Win32
		{D1862887-006B-4A01-9538-B6D22E28513B}.Release|x64.ActiveCfg = Release|x64
		{D1862887-006B-4A01-9538-B6D22E28513B}.Release|x64.Build.0 = Release|x64
		{D1862887-006B-4A01-9538-B6D22E28513B}.Release|x86.ActiveCfg = Release|Win32
		{D1862887-006B-4A01-9538-B6D22E28513B}.Release|x86.Build.0 = Release|Win32
	EndGlobalSection
	GlobalSection(SolutionProperties) = preSolution
		HideSolutionNode = FALSE
	EndGlobalSection
	GlobalSection(ExtensibilityGlobals) = postSolution
		SolutionGuid = {CBC06EC2-76E6-49E0-9C38-5904713A7455}
	EndGlobalSection
EndGlobal
